
Microsoft Visual Studio Solution File, Format Version 12.00
# Visual Studio Version 17
VisualStudioVersion = 17.8.34511.84
MinimumVisualStudioVersion = 10.0.40219.1
Project("{FAE04EC0-301F-11D3-BF4B-00C04F79EFBC}") = "RazorPagesMovie", "RazorPagesMovie\RazorPagesMovie.csproj", "{537ACA3C-CEB1-40E3-BA2A-505C16897E82}"
EndProject
Global
	GlobalSection(SolutionConfigurationPlatforms) = preSolution
		Debug|Any CPU = Debug|Any CPU
		Release|Any CPU = Release|Any CPU
	EndGlobalSection
	GlobalSection(ProjectConfigurationPlatforms) = postSolution
		{537ACA3C-CEB1-40E3-BA2A-505C16897E82}.Debug|Any CPU.ActiveCfg = Debug|Any CPU
		{537ACA3C-CEB1-40E3-BA2A-505C16897E82}.Debug|Any CPU.Build.0 = Debug|Any CPU
		{537ACA3C-CEB1-40E3-BA2A-505C16897E82}.Release|Any CPU.ActiveCfg = Release|Any CPU
		{537ACA3C-CEB1-40E3-BA2A-505C16897E82}.Release|Any CPU.Build.0 = Release|Any CPU
	EndGlobalSection
	GlobalSection(SolutionProperties) = preSolution
		HideSolutionNode = FALSE
	EndGlobalSection
	GlobalSection(ExtensibilityGlobals) = postSolution
		SolutionGuid = {94435979-6FBC-4A89-A976-133BFAE00BB9}
	EndGlobalSection
EndGlobal
